// !$*UTF8*$!
{
	archiveVersion = 1;
	classes = {
	};
	objectVersion = 46;
	objects = {

/* Begin PBXBuildFile section */
		576960511DF6EF4900731835 /* main.m in Sources */ = {isa = PBXBuildFile; fileRef = 576960501DF6EF4900731835 /* main.m */; };
		576960541DF6EF4900731835 /* AppDelegate.m in Sources */ = {isa = PBXBuildFile; fileRef = 576960531DF6EF4900731835 /* AppDelegate.m */; };
		5769605A1DF6EF4900731835 /* Main.storyboard in Resources */ = {isa = PBXBuildFile; fileRef = 576960581DF6EF4900731835 /* Main.storyboard */; };
		5769605C1DF6EF4900731835 /* Assets.xcassets in Resources */ = {isa = PBXBuildFile; fileRef = 5769605B1DF6EF4900731835 /* Assets.xcassets */; };
		5769605F1DF6EF4900731835 /* LaunchScreen.storyboard in Resources */ = {isa = PBXBuildFile; fileRef = 5769605D1DF6EF4900731835 /* LaunchScreen.storyboard */; };
		576960811DF6F02400731835 /* FaxianViewController.m in Sources */ = {isa = PBXBuildFile; fileRef = 5769606A1DF6F02400731835 /* FaxianViewController.m */; };
		576960821DF6F02400731835 /* FaxianViewController.xib in Resources */ = {isa = PBXBuildFile; fileRef = 5769606B1DF6F02400731835 /* FaxianViewController.xib */; };
		576960831DF6F02400731835 /* MainViewController.m in Sources */ = {isa = PBXBuildFile; fileRef = 576960721DF6F02400731835 /* MainViewController.m */; };
		576960841DF6F02400731835 /* MainViewController.xib in Resources */ = {isa = PBXBuildFile; fileRef = 576960731DF6F02400731835 /* MainViewController.xib */; };
		576960851DF6F02400731835 /* MeigouViewController.m in Sources */ = {isa = PBXBuildFile; fileRef = 576960791DF6F02400731835 /* MeigouViewController.m */; };
		576960861DF6F02400731835 /* MeigouViewController.xib in Resources */ = {isa = PBXBuildFile; fileRef = 5769607A1DF6F02400731835 /* MeigouViewController.xib */; };
		576960871DF6F02400731835 /* MineViewController.m in Sources */ = {isa = PBXBuildFile; fileRef = 5769607F1DF6F02400731835 /* MineViewController.m */; };
		576960881DF6F02400731835 /* MineViewController.xib in Resources */ = {isa = PBXBuildFile; fileRef = 576960801DF6F02400731835 /* MineViewController.xib */; };
		5769608E1DF6F07700731835 /* BaseViewController.m in Sources */ = {isa = PBXBuildFile; fileRef = 5769608B1DF6F07700731835 /* BaseViewController.m */; };
		5769608F1DF6F07700731835 /* RootTabBarController.m in Sources */ = {isa = PBXBuildFile; fileRef = 5769608D1DF6F07700731835 /* RootTabBarController.m */; };
/* End PBXBuildFile section */

/* Begin PBXFileReference section */
		5769604C1DF6EF4900731835 /* GengMei.app */ = {isa = PBXFileReference; explicitFileType = wrapper.application; includeInIndex = 0; path = GengMei.app; sourceTree = BUILT_PRODUCTS_DIR; };
		576960501DF6EF4900731835 /* main.m */ = {isa = PBXFileReference; lastKnownFileType = sourcecode.c.objc; path = main.m; sourceTree = "<group>"; };
		576960521DF6EF4900731835 /* AppDelegate.h */ = {isa = PBXFileReference; lastKnownFileType = sourcecode.c.h; path = AppDelegate.h; sourceTree = "<group>"; };
		576960531DF6EF4900731835 /* AppDelegate.m */ = {isa = PBXFileReference; lastKnownFileType = sourcecode.c.objc; path = AppDelegate.m; sourceTree = "<group>"; };
		576960591DF6EF4900731835 /* Base */ = {isa = PBXFileReference; lastKnownFileType = file.storyboard; name = Base; path = Base.lproj/Main.storyboard; sourceTree = "<group>"; };
		5769605B1DF6EF4900731835 /* Assets.xcassets */ = {isa = PBXFileReference; lastKnownFileType = folder.assetcatalog; path = Assets.xcassets; sourceTree = "<group>"; };
		5769605E1DF6EF4900731835 /* Base */ = {isa = PBXFileReference; lastKnownFileType = file.storyboard; name = Base; path = Base.lproj/LaunchScreen.storyboard; sourceTree = "<group>"; };
		576960601DF6EF4900731835 /* Info.plist */ = {isa = PBXFileReference; lastKnownFileType = text.plist.xml; path = Info.plist; sourceTree = "<group>"; };
		576960691DF6F02400731835 /* FaxianViewController.h */ = {isa = PBXFileReference; fileEncoding = 4; lastKnownFileType = sourcecode.c.h; path = FaxianViewController.h; sourceTree = "<group>"; };
		5769606A1DF6F02400731835 /* FaxianViewController.m */ = {isa = PBXFileReference; fileEncoding = 4; lastKnownFileType = sourcecode.c.objc; path = FaxianViewController.m; sourceTree = "<group>"; };
		5769606B1DF6F02400731835 /* FaxianViewController.xib */ = {isa = PBXFileReference; fileEncoding = 4; lastKnownFileType = file.xib; path = FaxianViewController.xib; sourceTree = "<group>"; };
		576960711DF6F02400731835 /* MainViewController.h */ = {isa = PBXFileReference; fileEncoding = 4; lastKnownFileType = sourcecode.c.h; path = MainViewController.h; sourceTree = "<group>"; };
		576960721DF6F02400731835 /* MainViewController.m */ = {isa = PBXFileReference; fileEncoding = 4; lastKnownFileType = sourcecode.c.objc; path = MainViewController.m; sourceTree = "<group>"; };
		576960731DF6F02400731835 /* MainViewController.xib */ = {isa = PBXFileReference; fileEncoding = 4; lastKnownFileType = file.xib; path = MainViewController.xib; sourceTree = "<group>"; };
		576960781DF6F02400731835 /* MeigouViewController.h */ = {isa = PBXFileReference; fileEncoding = 4; lastKnownFileType = sourcecode.c.h; path = MeigouViewController.h; sourceTree = "<group>"; };
		576960791DF6F02400731835 /* MeigouViewController.m */ = {isa = PBXFileReference; fileEncoding = 4; lastKnownFileType = sourcecode.c.objc; path = MeigouViewController.m; sourceTree = "<group>"; };
		5769607A1DF6F02400731835 /* MeigouViewController.xib */ = {isa = PBXFileReference; fileEncoding = 4; lastKnownFileType = file.xib; path = MeigouViewController.xib; sourceTree = "<group>"; };
		5769607E1DF6F02400731835 /* MineViewController.h */ = {isa = PBXFileReference; fileEncoding = 4; lastKnownFileType = sourcecode.c.h; path = MineViewController.h; sourceTree = "<group>"; };
		5769607F1DF6F02400731835 /* MineViewController.m */ = {isa = PBXFileReference; fileEncoding = 4; lastKnownFileType = sourcecode.c.objc; path = MineViewController.m; sourceTree = "<group>"; };
		576960801DF6F02400731835 /* MineViewController.xib */ = {isa = PBXFileReference; fileEncoding = 4; lastKnownFileType = file.xib; path = MineViewController.xib; sourceTree = "<group>"; };
		5769608A1DF6F07700731835 /* BaseViewController.h */ = {isa = PBXFileReference; fileEncoding = 4; lastKnownFileType = sourcecode.c.h; path = BaseViewController.h; sourceTree = "<group>"; };
		5769608B1DF6F07700731835 /* BaseViewController.m */ = {isa = PBXFileReference; fileEncoding = 4; lastKnownFileType = sourcecode.c.objc; path = BaseViewController.m; sourceTree = "<group>"; };
		5769608C1DF6F07700731835 /* RootTabBarController.h */ = {isa = PBXFileReference; fileEncoding = 4; lastKnownFileType = sourcecode.c.h; path = RootTabBarController.h; sourceTree = "<group>"; };
		5769608D1DF6F07700731835 /* RootTabBarController.m */ = {isa = PBXFileReference; fileEncoding = 4; lastKnownFileType = sourcecode.c.objc; path = RootTabBarController.m; sourceTree = "<group>"; };
/* End PBXFileReference section */

/* Begin PBXFrameworksBuildPhase section */
		576960491DF6EF4900731835 /* Frameworks */ = {
			isa = PBXFrameworksBuildPhase;
			buildActionMask = 2147483647;
			files = (
			);
			runOnlyForDeploymentPostprocessing = 0;
		};
/* End PBXFrameworksBuildPhase section */

/* Begin PBXGroup section */
		576960431DF6EF4900731835 = {
			isa = PBXGroup;
			children = (
				5769604E1DF6EF4900731835 /* GengMei */,
				5769604D1DF6EF4900731835 /* Products */,
			);
			sourceTree = "<group>";
		};
		5769604D1DF6EF4900731835 /* Products */ = {
			isa = PBXGroup;
			children = (
				5769604C1DF6EF4900731835 /* GengMei.app */,
			);
			name = Products;
			sourceTree = "<group>";
		};
		5769604E1DF6EF4900731835 /* GengMei */ = {
			isa = PBXGroup;
			children = (
				576960891DF6F07700731835 /* Base */,
				576960661DF6F02400731835 /* Center */,
				576960671DF6F02400731835 /* Faxian */,
				5769606E1DF6F02400731835 /* Library */,
				5769606F1DF6F02400731835 /* Main */,
				576960761DF6F02400731835 /* Meigou */,
				5769607D1DF6F02400731835 /* Mine */,
				576960521DF6EF4900731835 /* AppDelegate.h */,
				576960531DF6EF4900731835 /* AppDelegate.m */,
				576960581DF6EF4900731835 /* Main.storyboard */,
				5769605B1DF6EF4900731835 /* Assets.xcassets */,
				5769605D1DF6EF4900731835 /* LaunchScreen.storyboard */,
				576960601DF6EF4900731835 /* Info.plist */,
				5769604F1DF6EF4900731835 /* Supporting Files */,
			);
			path = GengMei;
			sourceTree = "<group>";
		};
		5769604F1DF6EF4900731835 /* Supporting Files */ = {
			isa = PBXGroup;
			children = (
				576960501DF6EF4900731835 /* main.m */,
			);
			name = "Supporting Files";
			sourceTree = "<group>";
		};
		576960661DF6F02400731835 /* Center */ = {
			isa = PBXGroup;
			children = (
			);
			path = Center;
			sourceTree = "<group>";
		};
		576960671DF6F02400731835 /* Faxian */ = {
			isa = PBXGroup;
			children = (
				576960681DF6F02400731835 /* Controller */,
				5769606C1DF6F02400731835 /* Model */,
				5769606D1DF6F02400731835 /* View */,
			);
			path = Faxian;
			sourceTree = "<group>";
		};
		576960681DF6F02400731835 /* Controller */ = {
			isa = PBXGroup;
			children = (
				576960691DF6F02400731835 /* FaxianViewController.h */,
				5769606A1DF6F02400731835 /* FaxianViewController.m */,
				5769606B1DF6F02400731835 /* FaxianViewController.xib */,
			);
			path = Controller;
			sourceTree = "<group>";
		};
		5769606C1DF6F02400731835 /* Model */ = {
			isa = PBXGroup;
			children = (
			);
			path = Model;
			sourceTree = "<group>";
		};
		5769606D1DF6F02400731835 /* View */ = {
			isa = PBXGroup;
			children = (
			);
			path = View;
			sourceTree = "<group>";
		};
		5769606E1DF6F02400731835 /* Library */ = {
			isa = PBXGroup;
			children = (
			);
			path = Library;
			sourceTree = "<group>";
		};
		5769606F1DF6F02400731835 /* Main */ = {
			isa = PBXGroup;
			children = (
				576960701DF6F02400731835 /* Controller */,
				576960741DF6F02400731835 /* Model */,
				576960751DF6F02400731835 /* View */,
			);
			path = Main;
			sourceTree = "<group>";
		};
		576960701DF6F02400731835 /* Controller */ = {
			isa = PBXGroup;
			children = (
				576960711DF6F02400731835 /* MainViewController.h */,
				576960721DF6F02400731835 /* MainViewController.m */,
				576960731DF6F02400731835 /* MainViewController.xib */,
			);
			path = Controller;
			sourceTree = "<group>";
		};
		576960741DF6F02400731835 /* Model */ = {
			isa = PBXGroup;
			children = (
			);
			path = Model;
			sourceTree = "<group>";
		};
		576960751DF6F02400731835 /* View */ = {
			isa = PBXGroup;
			children = (
			);
			path = View;
			sourceTree = "<group>";
		};
		576960761DF6F02400731835 /* Meigou */ = {
			isa = PBXGroup;
			children = (
				576960771DF6F02400731835 /* Controller */,
				5769607B1DF6F02400731835 /* Model */,
				5769607C1DF6F02400731835 /* View */,
			);
			path = Meigou;
			sourceTree = "<group>";
		};
		576960771DF6F02400731835 /* Controller */ = {
			isa = PBXGroup;
			children = (
				576960781DF6F02400731835 /* MeigouViewController.h */,
				576960791DF6F02400731835 /* MeigouViewController.m */,
				5769607A1DF6F02400731835 /* MeigouViewController.xib */,
			);
			path = Controller;
			sourceTree = "<group>";
		};
		5769607B1DF6F02400731835 /* Model */ = {
			isa = PBXGroup;
			children = (
			);
			path = Model;
			sourceTree = "<group>";
		};
		5769607C1DF6F02400731835 /* View */ = {
			isa = PBXGroup;
			children = (
			);
			path = View;
			sourceTree = "<group>";
		};
		5769607D1DF6F02400731835 /* Mine */ = {
			isa = PBXGroup;
			children = (
				5769607E1DF6F02400731835 /* MineViewController.h */,
				5769607F1DF6F02400731835 /* MineViewController.m */,
				576960801DF6F02400731835 /* MineViewController.xib */,
			);
			path = Mine;
			sourceTree = "<group>";
		};
		576960891DF6F07700731835 /* Base */ = {
			isa = PBXGroup;
			children = (
				5769608A1DF6F07700731835 /* BaseViewController.h */,
				5769608B1DF6F07700731835 /* BaseViewController.m */,
				5769608C1DF6F07700731835 /* RootTabBarController.h */,
				5769608D1DF6F07700731835 /* RootTabBarController.m */,
			);
			path = Base;
			sourceTree = "<group>";
		};
/* End PBXGroup section */

/* Begin PBXNativeTarget section */
		5769604B1DF6EF4900731835 /* GengMei */ = {
			isa = PBXNativeTarget;
			buildConfigurationList = 576960631DF6EF4900731835 /* Build configuration list for PBXNativeTarget "GengMei" */;
			buildPhases = (
				576960481DF6EF4900731835 /* Sources */,
				576960491DF6EF4900731835 /* Frameworks */,
				5769604A1DF6EF4900731835 /* Resources */,
			);
			buildRules = (
			);
			dependencies = (
			);
			name = GengMei;
			productName = GengMei;
			productReference = 5769604C1DF6EF4900731835 /* GengMei.app */;
			productType = "com.apple.product-type.application";
		};
/* End PBXNativeTarget section */

/* Begin PBXProject section */
		576960441DF6EF4900731835 /* Project object */ = {
			isa = PBXProject;
			attributes = {
				LastUpgradeCheck = 0800;
				ORGANIZATIONNAME = FlyLegends;
				TargetAttributes = {
					5769604B1DF6EF4900731835 = {
						CreatedOnToolsVersion = 8.0;
						ProvisioningStyle = Automatic;
					};
				};
			};
			buildConfigurationList = 576960471DF6EF4900731835 /* Build configuration list for PBXProject "GengMei" */;
			compatibilityVersion = "Xcode 3.2";
			developmentRegion = English;
			hasScannedForEncodings = 0;
			knownRegions = (
				en,
				Base,
			);
			mainGroup = 576960431DF6EF4900731835;
			productRefGroup = 5769604D1DF6EF4900731835 /* Products */;
			projectDirPath = "";
			projectRoot = "";
			targets = (
				5769604B1DF6EF4900731835 /* GengMei */,
			);
		};
/* End PBXProject section */

/* Begin PBXResourcesBuildPhase section */
		5769604A1DF6EF4900731835 /* Resources */ = {
			isa = PBXResourcesBuildPhase;
			buildActionMask = 2147483647;
			files = (
				576960861DF6F02400731835 /* MeigouViewController.xib in Resources */,
				576960881DF6F02400731835 /* MineViewController.xib in Resources */,
				5769605F1DF6EF4900731835 /* LaunchScreen.storyboard in Resources */,
				5769605C1DF6EF4900731835 /* Assets.xcassets in Resources */,
				576960841DF6F02400731835 /* MainViewController.xib in Resources */,
				5769605A1DF6EF4900731835 /* Main.storyboard in Resources */,
				576960821DF6F02400731835 /* FaxianViewController.xib in Resources */,
			);
			runOnlyForDeploymentPostprocessing = 0;
		};
/* End PBXResourcesBuildPhase section */

/* Begin PBXSourcesBuildPhase section */
		576960481DF6EF4900731835 /* Sources */ = {
			isa = PBXSourcesBuildPhase;
			buildActionMask = 2147483647;
			files = (
				576960541DF6EF4900731835 /* AppDelegate.m in Sources */,
				576960811DF6F02400731835 /* FaxianViewController.m in Sources */,
				576960511DF6EF4900731835 /* main.m in Sources */,
				576960871DF6F02400731835 /* MineViewController.m in Sources */,
				576960851DF6F02400731835 /* MeigouViewController.m in Sources */,
				5769608F1DF6F07700731835 /* RootTabBarController.m in Sources */,
				5769608E1DF6F07700731835 /* BaseViewController.m in Sources */,
				576960831DF6F02400731835 /* MainViewController.m in Sources */,
			);
			runOnlyForDeploymentPostprocessing = 0;
		};
/* End PBXSourcesBuildPhase section */

/* Begin PBXVariantGroup section */
		576960581DF6EF4900731835 /* Main.storyboard */ = {
			isa = PBXVariantGroup;
			children = (
				576960591DF6EF4900731835 /* Base */,
			);
			name = Main.storyboard;
			sourceTree = "<group>";
		};
		5769605D1DF6EF4900731835 /* LaunchScreen.storyboard */ = {
			isa = PBXVariantGroup;
			children = (
				5769605E1DF6EF4900731835 /* Base */,
			);
			name = LaunchScreen.storyboard;
			sourceTree = "<group>";
		};
/* End PBXVariantGroup section */

/* Begin XCBuildConfiguration section */
		576960611DF6EF4900731835 /* Debug */ = {
			isa = XCBuildConfiguration;
			buildSettings = {
				ALWAYS_SEARCH_USER_PATHS = NO;
				CLANG_ANALYZER_NONNULL = YES;
				CLANG_CXX_LANGUAGE_STANDARD = "gnu++0x";
				CLANG_CXX_LIBRARY = "libc++";
				CLANG_ENABLE_MODULES = YES;
				CLANG_ENABLE_OBJC_ARC = YES;
				CLANG_WARN_BOOL_CONVERSION = YES;
				CLANG_WARN_CONSTANT_CONVERSION = YES;
				CLANG_WARN_DIRECT_OBJC_ISA_USAGE = YES_ERROR;
				CLANG_WARN_DOCUMENTATION_COMMENTS = YES;
				CLANG_WARN_EMPTY_BODY = YES;
				CLANG_WARN_ENUM_CONVERSION = YES;
				CLANG_WARN_INFINITE_RECURSION = YES;
				CLANG_WARN_INT_CONVERSION = YES;
				CLANG_WARN_OBJC_ROOT_CLASS = YES_ERROR;
				CLANG_WARN_SUSPICIOUS_MOVES = YES;
				CLANG_WARN_UNREACHABLE_CODE = YES;
				CLANG_WARN__DUPLICATE_METHOD_MATCH = YES;
				"CODE_SIGN_IDENTITY[sdk=iphoneos*]" = "iPhone Developer";
				COPY_PHASE_STRIP = NO;
				DEBUG_INFORMATION_FORMAT = dwarf;
				ENABLE_STRICT_OBJC_MSGSEND = YES;
				ENABLE_TESTABILITY = YES;
				GCC_C_LANGUAGE_STANDARD = gnu99;
				GCC_DYNAMIC_NO_PIC = NO;
				GCC_NO_COMMON_BLOCKS = YES;
				GCC_OPTIMIZATION_LEVEL = 0;
				GCC_PREPROCESSOR_DEFINITIONS = (
					"DEBUG=1",
					"$(inherited)",
				);
				GCC_WARN_64_TO_32_BIT_CONVERSION = YES;
				GCC_WARN_ABOUT_RETURN_TYPE = YES_ERROR;
				GCC_WARN_UNDECLARED_SELECTOR = YES;
				GCC_WARN_UNINITIALIZED_AUTOS = YES_AGGRESSIVE;
				GCC_WARN_UNUSED_FUNCTION = YES;
				GCC_WARN_UNUSED_VARIABLE = YES;
				IPHONEOS_DEPLOYMENT_TARGET = 10.0;
				MTL_ENABLE_DEBUG_INFO = YES;
				ONLY_ACTIVE_ARCH = YES;
				SDKROOT = iphoneos;
			};
			name = Debug;
		};
		576960621DF6EF4900731835 /* Release */ = {
			isa = XCBuildConfiguration;
			buildSettings = {
				ALWAYS_SEARCH_USER_PATHS = NO;
				CLANG_ANALYZER_NONNULL = YES;
				CLANG_CXX_LANGUAGE_STANDARD = "gnu++0x";
				CLANG_CXX_LIBRARY = "libc++";
				CLANG_ENABLE_MODULES = YES;
				CLANG_ENABLE_OBJC_ARC = YES;
				CLANG_WARN_BOOL_CONVERSION = YES;
				CLANG_WARN_CONSTANT_CONVERSION = YES;
				CLANG_WARN_DIRECT_OBJC_ISA_USAGE = YES_ERROR;
				CLANG_WARN_DOCUMENTATION_COMMENTS = YES;
				CLANG_WARN_EMPTY_BODY = YES;
				CLANG_WARN_ENUM_CONVERSION = YES;
				CLANG_WARN_INFINITE_RECURSION = YES;
				CLANG_WARN_INT_CONVERSION = YES;
				CLANG_WARN_OBJC_ROOT_CLASS = YES_ERROR;
				CLANG_WARN_SUSPICIOUS_MOVES = YES;
				CLANG_WARN_UNREACHABLE_CODE = YES;
				CLANG_WARN__DUPLICATE_METHOD_MATCH = YES;
				"CODE_SIGN_IDENTITY[sdk=iphoneos*]" = "iPhone Developer";
				COPY_PHASE_STRIP = NO;
				DEBUG_INFORMATION_FORMAT = "dwarf-with-dsym";
				ENABLE_NS_ASSERTIONS = NO;
				ENABLE_STRICT_OBJC_MSGSEND = YES;
				GCC_C_LANGUAGE_STANDARD = gnu99;
				GCC_NO_COMMON_BLOCKS = YES;
				GCC_WARN_64_TO_32_BIT_CONVERSION = YES;
				GCC_WARN_ABOUT_RETURN_TYPE = YES_ERROR;
				GCC_WARN_UNDECLARED_SELECTOR = YES;
				GCC_WARN_UNINITIALIZED_AUTOS = YES_AGGRESSIVE;
				GCC_WARN_UNUSED_FUNCTION = YES;
				GCC_WARN_UNUSED_VARIABLE = YES;
				IPHONEOS_DEPLOYMENT_TARGET = 10.0;
				MTL_ENABLE_DEBUG_INFO = NO;
				SDKROOT = iphoneos;
				VALIDATE_PRODUCT = YES;
			};
			name = Release;
		};
		576960641DF6EF4900731835 /* Debug */ = {
			isa = XCBuildConfiguration;
			buildSettings = {
				ASSETCATALOG_COMPILER_APPICON_NAME = AppIcon;
				INFOPLIST_FILE = GengMei/Info.plist;
				LD_RUNPATH_SEARCH_PATHS = "$(inherited) @executable_path/Frameworks";
				PRODUCT_BUNDLE_IDENTIFIER = com.sdut.GengMei;
				PRODUCT_NAME = "$(TARGET_NAME)";
			};
			name = Debug;
		};
		576960651DF6EF4900731835 /* Release */ = {
			isa = XCBuildConfiguration;
			buildSettings = {
				ASSETCATALOG_COMPILER_APPICON_NAME = AppIcon;
				INFOPLIST_FILE = GengMei/Info.plist;
				LD_RUNPATH_SEARCH_PATHS = "$(inherited) @executable_path/Frameworks";
				PRODUCT_BUNDLE_IDENTIFIER = com.sdut.GengMei;
				PRODUCT_NAME = "$(TARGET_NAME)";
			};
			name = Release;
		};
/* End XCBuildConfiguration section */

/* Begin XCConfigurationList section */
		576960471DF6EF4900731835 /* Build configuration list for PBXProject "GengMei" */ = {
			isa = XCConfigurationList;
			buildConfigurations = (
				576960611DF6EF4900731835 /* Debug */,
				576960621DF6EF4900731835 /* Release */,
			);
			defaultConfigurationIsVisible = 0;
			defaultConfigurationName = Release;
		};
		576960631DF6EF4900731835 /* Build configuration list for PBXNativeTarget "GengMei" */ = {
			isa = XCConfigurationList;
			buildConfigurations = (
				576960641DF6EF4900731835 /* Debug */,
				576960651DF6EF4900731835 /* Release */,
			);
			defaultConfigurationIsVisible = 0;
		};
/* End XCConfigurationList section */
	};
	rootObject = 576960441DF6EF4900731835 /* Project object */;
}
